
Microsoft Visual Studio Solution File, Format Version 12.00
# Visual Studio Version 16
VisualStudioVersion = 16.0.31410.357
MinimumVisualStudioVersion = 10.0.40219.1
Project("{9A19103F-16F7-4668-BE54-9A1E7A4F7556}") = "IndianStateCensusAnalyser", "IndianStateCensusAnalyser\IndianStateCensusAnalyser.csproj", "{93A49FFF-DC6E-42C4-BAEE-684270CB13F7}"
EndProject
Project("{FAE04EC0-301F-11D3-BF4B-00C04F79EFBC}") = "IndianStateCensusAnalyserTests", "IndianStateCensusAnalyserTests\IndianStateCensusAnalyserTests.csproj", "{68B66D20-6379-4846-BF1F-ED8F4E60F53B}"
EndProject
Global
	GlobalSection(SolutionConfigurationPlatforms) = preSolution
		Debug|Any CPU = Debug|Any CPU
		Release|Any CPU = Release|Any CPU
	EndGlobalSection
	GlobalSection(ProjectConfigurationPlatforms) = postSolution
		{93A49FFF-DC6E-42C4-BAEE-684270CB13F7}.Debug|Any CPU.ActiveCfg = Debug|Any CPU
		{93A49FFF-DC6E-42C4-BAEE-684270CB13F7}.Debug|Any CPU.Build.0 = Debug|Any CPU
		{93A49FFF-DC6E-42C4-BAEE-684270CB13F7}.Release|Any CPU.ActiveCfg = Release|Any CPU
		{93A49FFF-DC6E-42C4-BAEE-684270CB13F7}.Release|Any CPU.Build.0 = Release|Any CPU
		{68B66D20-6379-4846-BF1F-ED8F4E60F53B}.Debug|Any CPU.ActiveCfg = Debug|Any CPU
		{68B66D20-6379-4846-BF1F-ED8F4E60F53B}.Debug|Any CPU.Build.0 = Debug|Any CPU
		{68B66D20-6379-4846-BF1F-ED8F4E60F53B}.Release|Any CPU.ActiveCfg = Release|Any CPU
		{68B66D20-6379-4846-BF1F-ED8F4E60F53B}.Release|Any CPU.Build.0 = Release|Any CPU
	EndGlobalSection
	GlobalSection(SolutionProperties) = preSolution
		HideSolutionNode = FALSE
	EndGlobalSection
	GlobalSection(ExtensibilityGlobals) = postSolution
		SolutionGuid = {AB0E47F8-2D53-4CA0-B89E-48BC76B08957}
	EndGlobalSection
EndGlobal
